{
  "nodes": {
    "blobs": {
      "flake": false,
      "locked": {
        "lastModified": 1604995301,
        "narHash": "sha256-wcLzgLec6SGJA8fx1OEN1yV/Py5b+U5iyYpksUY/yLw=",
        "owner": "simple-nixos-mailserver",
        "repo": "blobs",
        "rev": "2cccdf1ca48316f2cfd1c9a0017e8de5a7156265",
        "type": "gitlab"
      },
      "original": {
        "owner": "simple-nixos-mailserver",
        "repo": "blobs",
        "type": "gitlab"
      }
    },
    "deploy-rs": {
      "inputs": {
        "flake-compat": "flake-compat",
        "nixpkgs": [
          "nixos"
        ],
        "utils": "utils"
      },
      "locked": {
        "lastModified": 1674127017,
        "narHash": "sha256-QO1xF7stu5ZMDLbHN30LFolMAwY6TVlzYvQoUs1RD68=",
        "owner": "serokell",
        "repo": "deploy-rs",
        "rev": "8c9ea9605eed20528bf60fae35a2b613b901fd77",
        "type": "github"
      },
      "original": {
        "owner": "serokell",
        "repo": "deploy-rs",
        "type": "github"
      }
    },
    "flake-compat": {
      "flake": false,
      "locked": {
        "lastModified": 1668681692,
        "narHash": "sha256-Ht91NGdewz8IQLtWZ9LCeNXMSXHUss+9COoqu6JLmXU=",
        "owner": "edolstra",
        "repo": "flake-compat",
        "rev": "009399224d5e398d03b22badca40a37ac85412a1",
        "type": "github"
      },
      "original": {
        "owner": "edolstra",
        "repo": "flake-compat",
        "type": "github"
      }
    },
    "nixos": {
      "locked": {
        "lastModified": 1677779205,
        "narHash": "sha256-6DBjL9wjq86p2GczmwnHtFRnWPBPItc67gapWENBgX8=",
        "owner": "nixos",
        "repo": "nixpkgs",
        "rev": "96e18717904dfedcd884541e5a92bf9ff632cf39",
        "type": "github"
      },
      "original": {
        "owner": "nixos",
        "ref": "nixos-22.11",
        "repo": "nixpkgs",
        "type": "github"
      }
    },
    "nixos-hardware": {
      "locked": {
        "lastModified": 1677591639,
        "narHash": "sha256-DMlAyge+u3K+JOFLA5YfdjqagdAYJf29YGBWpy5izg4=",
        "owner": "nixos",
        "repo": "nixos-hardware",
        "rev": "77de4cd09db4dbee9551ed2853cfcf113d7dc5ce",
        "type": "github"
      },
      "original": {
        "owner": "nixos",
        "ref": "master",
        "repo": "nixos-hardware",
        "type": "github"
      }
    },
    "root": {
      "inputs": {
        "deploy-rs": "deploy-rs",
        "nixos": "nixos",
        "nixos-hardware": "nixos-hardware",
        "snm": "snm",
        "sops-nix": "sops-nix"
      }
    },
    "snm": {
      "inputs": {
        "blobs": "blobs",
        "nixpkgs": [
          "nixos"
        ],
        "nixpkgs-22_11": [
          "nixos"
        ],
        "utils": [
          "deploy-rs",
          "utils"
        ]
      },
      "locked": {
        "lastModified": 1671659164,
        "narHash": "sha256-DbpT+v1POwFOInbrDL+vMbYV3mVbTkMxmJ5j50QnOcA=",
        "owner": "simple-nixos-mailserver",
        "repo": "nixos-mailserver",
        "rev": "bc667fb6afc45f6cc2d118ab77658faf2227cffd",
        "type": "gitlab"
      },
      "original": {
        "owner": "simple-nixos-mailserver",
        "ref": "nixos-22.11",
        "repo": "nixos-mailserver",
        "type": "gitlab"
      }
    },
    "sops-nix": {
      "inputs": {
        "nixpkgs": [
          "nixos"
        ],
        "nixpkgs-stable": [
          "nixos"
        ]
      },
      "locked": {
        "lastModified": 1677833841,
        "narHash": "sha256-yHZFGe7dhBE43FFWKiWc29NuveH+nfyTT6oKyFDEMys=",
        "owner": "mic92",
        "repo": "sops-nix",
        "rev": "128e9b29ddd88ceb634a28f7dbbfee7b895f005f",
        "type": "github"
      },
      "original": {
        "owner": "mic92",
        "repo": "sops-nix",
        "type": "github"
      }
    },
    "utils": {
      "locked": {
        "lastModified": 1667395993,
        "narHash": "sha256-nuEHfE/LcWyuSWnS8t12N1wc105Qtau+/OdUAjtQ0rA=",
        "owner": "numtide",
        "repo": "flake-utils",
        "rev": "5aed5285a952e0b949eb3ba02c12fa4fcfef535f",
        "type": "github"
      },
      "original": {
        "owner": "numtide",
        "repo": "flake-utils",
        "type": "github"
      }
    }
  },
  "root": "root",
  "version": 7
}
