{
  "nodes": {
    "blobs": {
      "flake": false,
      "locked": {
        "lastModified": 1604995301,
        "narHash": "sha256-wcLzgLec6SGJA8fx1OEN1yV/Py5b+U5iyYpksUY/yLw=",
        "owner": "simple-nixos-mailserver",
        "repo": "blobs",
        "rev": "2cccdf1ca48316f2cfd1c9a0017e8de5a7156265",
        "type": "gitlab"
      },
      "original": {
        "owner": "simple-nixos-mailserver",
        "repo": "blobs",
        "type": "gitlab"
      }
    },
    "deploy-rs": {
      "inputs": {
        "flake-compat": "flake-compat",
        "nixpkgs": [
          "nixpkgs"
        ],
        "utils": "utils"
      },
      "locked": {
        "lastModified": 1727447169,
        "narHash": "sha256-3KyjMPUKHkiWhwR91J1YchF6zb6gvckCAY1jOE+ne0U=",
        "owner": "serokell",
        "repo": "deploy-rs",
        "rev": "aa07eb05537d4cd025e2310397a6adcedfe72c76",
        "type": "github"
      },
      "original": {
        "owner": "serokell",
        "repo": "deploy-rs",
        "type": "github"
      }
    },
    "disko": {
      "inputs": {
        "nixpkgs": [
          "nixpkgs"
        ]
      },
      "locked": {
        "lastModified": 1741786315,
        "narHash": "sha256-VT65AE2syHVj6v/DGB496bqBnu1PXrrzwlw07/Zpllc=",
        "owner": "nix-community",
        "repo": "disko",
        "rev": "0d8c6ad4a43906d14abd5c60e0ffe7b587b213de",
        "type": "github"
      },
      "original": {
        "owner": "nix-community",
        "repo": "disko",
        "type": "github"
      }
    },
    "flake-compat": {
      "flake": false,
      "locked": {
        "lastModified": 1696426674,
        "narHash": "sha256-kvjfFW7WAETZlt09AgDn1MrtKzP7t90Vf7vypd3OL1U=",
        "owner": "edolstra",
        "repo": "flake-compat",
        "rev": "0f9255e01c2351cc7d116c072cb317785dd33b33",
        "type": "github"
      },
      "original": {
        "owner": "edolstra",
        "repo": "flake-compat",
        "type": "github"
      }
    },
    "nixos-hardware": {
      "locked": {
        "lastModified": 1742217307,
        "narHash": "sha256-3fwpN7KN226ghLlpO9TR0/WpgQOmOj1e8bieUxpIYSk=",
        "owner": "nixos",
        "repo": "nixos-hardware",
        "rev": "4f4d97d7b7be387286cc9c988760a7ebaa5be1f1",
        "type": "github"
      },
      "original": {
        "owner": "nixos",
        "ref": "master",
        "repo": "nixos-hardware",
        "type": "github"
      }
    },
    "nixpkgs": {
      "locked": {
        "lastModified": 1742136038,
        "narHash": "sha256-DDe16FJk18sadknQKKG/9FbwEro7A57tg9vB5kxZ8kY=",
        "owner": "nixos",
        "repo": "nixpkgs",
        "rev": "a1185f4064c18a5db37c5c84e5638c78b46e3341",
        "type": "github"
      },
      "original": {
        "owner": "nixos",
        "ref": "nixos-24.11",
        "repo": "nixpkgs",
        "type": "github"
      }
    },
    "root": {
      "inputs": {
        "deploy-rs": "deploy-rs",
        "disko": "disko",
        "nixos-hardware": "nixos-hardware",
        "nixpkgs": "nixpkgs",
        "snm": "snm",
        "sops-nix": "sops-nix"
      }
    },
    "snm": {
      "inputs": {
        "blobs": "blobs",
        "flake-compat": [
          "deploy-rs",
          "flake-compat"
        ],
        "nixpkgs": [
          "nixpkgs"
        ],
        "nixpkgs-24_05": [
          "nixpkgs"
        ],
        "utils": [
          "deploy-rs",
          "utils"
        ]
      },
      "locked": {
        "lastModified": 1734885828,
        "narHash": "sha256-G0fB1YBlkalu8lLGRB07K8CpUWNVd+unfrjNomSL7SM=",
        "owner": "simple-nixos-mailserver",
        "repo": "nixos-mailserver",
        "rev": "636b82f4175e3f6b1e80d2189bb0469e2ae01a55",
        "type": "gitlab"
      },
      "original": {
        "owner": "simple-nixos-mailserver",
        "ref": "nixos-24.05",
        "repo": "nixos-mailserver",
        "type": "gitlab"
      }
    },
    "sops-nix": {
      "inputs": {
        "nixpkgs": [
          "nixpkgs"
        ]
      },
      "locked": {
        "lastModified": 1742209060,
        "narHash": "sha256-47/1bOPBGhmAegF06nxLN15d/MClCAkk8s/+WOhJJAM=",
        "owner": "mic92",
        "repo": "sops-nix",
        "rev": "b33837ae3cfa012b65810891bebbee71fa4c0658",
        "type": "github"
      },
      "original": {
        "owner": "mic92",
        "repo": "sops-nix",
        "type": "github"
      }
    },
    "systems": {
      "locked": {
        "lastModified": 1681028828,
        "narHash": "sha256-Vy1rq5AaRuLzOxct8nz4T6wlgyUR7zLU309k9mBC768=",
        "owner": "nix-systems",
        "repo": "default",
        "rev": "da67096a3b9bf56a91d16901293e51ba5b49a27e",
        "type": "github"
      },
      "original": {
        "owner": "nix-systems",
        "repo": "default",
        "type": "github"
      }
    },
    "utils": {
      "inputs": {
        "systems": "systems"
      },
      "locked": {
        "lastModified": 1701680307,
        "narHash": "sha256-kAuep2h5ajznlPMD9rnQyffWG8EM/C73lejGofXvdM8=",
        "owner": "numtide",
        "repo": "flake-utils",
        "rev": "4022d587cbbfd70fe950c1e2083a02621806a725",
        "type": "github"
      },
      "original": {
        "owner": "numtide",
        "repo": "flake-utils",
        "type": "github"
      }
    }
  },
  "root": "root",
  "version": 7
}
